// !$*UTF8*$!
{
	archiveVersion = 1;
	classes = {
	};
	objectVersion = 50;
	objects = {

/* Begin PBXBuildFile section */
		5C2FE1C52583C94C00CAF84D /* Spinning.swift in Sources */ = {isa = PBXBuildFile; fileRef = 5C2FE1C42583C94C00CAF84D /* Spinning.swift */; };
		5C2FE1C82583D53000CAF84D /* PaletteChooser.swift in Sources */ = {isa = PBXBuildFile; fileRef = 5C2FE1C72583D53000CAF84D /* PaletteChooser.swift */; };
		5C2FE1CB2583D72E00CAF84D /* EmojiArtDocumentPalette.swift in Sources */ = {isa = PBXBuildFile; fileRef = 5C2FE1CA2583D72E00CAF84D /* EmojiArtDocumentPalette.swift */; };
		5CDA639F258348D300AD96C7 /* EmojiArtApp.swift in Sources */ = {isa = PBXBuildFile; fileRef = 5CDA639E258348D300AD96C7 /* EmojiArtApp.swift */; };
		5CDA63A1258348D300AD96C7 /* EmojiArtDocumentView.swift in Sources */ = {isa = PBXBuildFile; fileRef = 5CDA63A0258348D300AD96C7 /* EmojiArtDocumentView.swift */; };
		5CDA63A3258348D800AD96C7 /* Assets.xcassets in Resources */ = {isa = PBXBuildFile; fileRef = 5CDA63A2258348D800AD96C7 /* Assets.xcassets */; };
		5CDA63A6258348D800AD96C7 /* Preview Assets.xcassets in Resources */ = {isa = PBXBuildFile; fileRef = 5CDA63A5258348D800AD96C7 /* Preview Assets.xcassets */; };
		5CDA63AF2583494600AD96C7 /* EmojiArtDocument.swift in Sources */ = {isa = PBXBuildFile; fileRef = 5CDA63AE2583494600AD96C7 /* EmojiArtDocument.swift */; };
		5CDA63B32583595300AD96C7 /* EmojiArt.swift in Sources */ = {isa = PBXBuildFile; fileRef = 5CDA63B22583595300AD96C7 /* EmojiArt.swift */; };
		5CDA63B6258364FA00AD96C7 /* EmojiArtExtensions.swift in Sources */ = {isa = PBXBuildFile; fileRef = 5CDA63B5258364FA00AD96C7 /* EmojiArtExtensions.swift */; };
		5CDA63B9258380D700AD96C7 /* OptionalImage.swift in Sources */ = {isa = PBXBuildFile; fileRef = 5CDA63B8258380D700AD96C7 /* OptionalImage.swift */; };
		5CDA63BC2583891C00AD96C7 /* AnimatableSystemFontModifier.swift in Sources */ = {isa = PBXBuildFile; fileRef = 5CDA63BB2583891B00AD96C7 /* AnimatableSystemFontModifier.swift */; };
/* End PBXBuildFile section */

/* Begin PBXFileReference section */
		5C2FE1C42583C94C00CAF84D /* Spinning.swift */ = {isa = PBXFileReference; lastKnownFileType = sourcecode.swift; path = Spinning.swift; sourceTree = "<group>"; };
		5C2FE1C72583D53000CAF84D /* PaletteChooser.swift */ = {isa = PBXFileReference; lastKnownFileType = sourcecode.swift; path = PaletteChooser.swift; sourceTree = "<group>"; };
		5C2FE1CA2583D72E00CAF84D /* EmojiArtDocumentPalette.swift */ = {isa = PBXFileReference; fileEncoding = 4; lastKnownFileType = sourcecode.swift; path = EmojiArtDocumentPalette.swift; sourceTree = "<group>"; };
		5CDA639B258348D300AD96C7 /* EmojiArt.app */ = {isa = PBXFileReference; explicitFileType = wrapper.application; includeInIndex = 0; path = EmojiArt.app; sourceTree = BUILT_PRODUCTS_DIR; };
		5CDA639E258348D300AD96C7 /* EmojiArtApp.swift */ = {isa = PBXFileReference; lastKnownFileType = sourcecode.swift; path = EmojiArtApp.swift; sourceTree = "<group>"; };
		5CDA63A0258348D300AD96C7 /* EmojiArtDocumentView.swift */ = {isa = PBXFileReference; lastKnownFileType = sourcecode.swift; path = EmojiArtDocumentView.swift; sourceTree = "<group>"; };
		5CDA63A2258348D800AD96C7 /* Assets.xcassets */ = {isa = PBXFileReference; lastKnownFileType = folder.assetcatalog; path = Assets.xcassets; sourceTree = "<group>"; };
		5CDA63A5258348D800AD96C7 /* Preview Assets.xcassets */ = {isa = PBXFileReference; lastKnownFileType = folder.assetcatalog; path = "Preview Assets.xcassets"; sourceTree = "<group>"; };
		5CDA63A7258348D800AD96C7 /* Info.plist */ = {isa = PBXFileReference; lastKnownFileType = text.plist.xml; path = Info.plist; sourceTree = "<group>"; };
		5CDA63AE2583494600AD96C7 /* EmojiArtDocument.swift */ = {isa = PBXFileReference; lastKnownFileType = sourcecode.swift; path = EmojiArtDocument.swift; sourceTree = "<group>"; };
		5CDA63B22583595300AD96C7 /* EmojiArt.swift */ = {isa = PBXFileReference; lastKnownFileType = sourcecode.swift; path = EmojiArt.swift; sourceTree = "<group>"; };
		5CDA63B5258364FA00AD96C7 /* EmojiArtExtensions.swift */ = {isa = PBXFileReference; fileEncoding = 4; lastKnownFileType = sourcecode.swift; path = EmojiArtExtensions.swift; sourceTree = "<group>"; };
		5CDA63B8258380D700AD96C7 /* OptionalImage.swift */ = {isa = PBXFileReference; lastKnownFileType = sourcecode.swift; path = OptionalImage.swift; sourceTree = "<group>"; };
		5CDA63BB2583891B00AD96C7 /* AnimatableSystemFontModifier.swift */ = {isa = PBXFileReference; fileEncoding = 4; lastKnownFileType = sourcecode.swift; path = AnimatableSystemFontModifier.swift; sourceTree = "<group>"; };
/* End PBXFileReference section */

/* Begin PBXFrameworksBuildPhase section */
		5CDA6398258348D300AD96C7 /* Frameworks */ = {
			isa = PBXFrameworksBuildPhase;
			buildActionMask = 2147483647;
			files = (
			);
			runOnlyForDeploymentPostprocessing = 0;
		};
/* End PBXFrameworksBuildPhase section */

/* Begin PBXGroup section */
		5CDA6392258348D300AD96C7 = {
			isa = PBXGroup;
			children = (
				5CDA639D258348D300AD96C7 /* EmojiArt */,
				5CDA639C258348D300AD96C7 /* Products */,
			);
			sourceTree = "<group>";
		};
		5CDA639C258348D300AD96C7 /* Products */ = {
			isa = PBXGroup;
			children = (
				5CDA639B258348D300AD96C7 /* EmojiArt.app */,
			);
			name = Products;
			sourceTree = "<group>";
		};
		5CDA639D258348D300AD96C7 /* EmojiArt */ = {
			isa = PBXGroup;
			children = (
				5CDA63AE2583494600AD96C7 /* EmojiArtDocument.swift */,
				5CDA639E258348D300AD96C7 /* EmojiArtApp.swift */,
				5CDA63B5258364FA00AD96C7 /* EmojiArtExtensions.swift */,
				5CDA63A0258348D300AD96C7 /* EmojiArtDocumentView.swift */,
				5C2FE1CA2583D72E00CAF84D /* EmojiArtDocumentPalette.swift */,
				5CDA63A2258348D800AD96C7 /* Assets.xcassets */,
				5CDA63A7258348D800AD96C7 /* Info.plist */,
				5CDA63A4258348D800AD96C7 /* Preview Content */,
				5CDA63B22583595300AD96C7 /* EmojiArt.swift */,
				5CDA63B8258380D700AD96C7 /* OptionalImage.swift */,
				5CDA63BB2583891B00AD96C7 /* AnimatableSystemFontModifier.swift */,
				5C2FE1C42583C94C00CAF84D /* Spinning.swift */,
				5C2FE1C72583D53000CAF84D /* PaletteChooser.swift */,
			);
			path = EmojiArt;
			sourceTree = "<group>";
		};
		5CDA63A4258348D800AD96C7 /* Preview Content */ = {
			isa = PBXGroup;
			children = (
				5CDA63A5258348D800AD96C7 /* Preview Assets.xcassets */,
			);
			path = "Preview Content";
			sourceTree = "<group>";
		};
/* End PBXGroup section */

/* Begin PBXNativeTarget section */
		5CDA639A258348D300AD96C7 /* EmojiArt */ = {
			isa = PBXNativeTarget;
			buildConfigurationList = 5CDA63AA258348D800AD96C7 /* Build configuration list for PBXNativeTarget "EmojiArt" */;
			buildPhases = (
				5CDA6397258348D300AD96C7 /* Sources */,
				5CDA6398258348D300AD96C7 /* Frameworks */,
				5CDA6399258348D300AD96C7 /* Resources */,
			);
			buildRules = (
			);
			dependencies = (
			);
			name = EmojiArt;
			productName = EmojiArt;
			productReference = 5CDA639B258348D300AD96C7 /* EmojiArt.app */;
			productType = "com.apple.product-type.application";
		};
/* End PBXNativeTarget section */

/* Begin PBXProject section */
		5CDA6393258348D300AD96C7 /* Project object */ = {
			isa = PBXProject;
			attributes = {
				LastSwiftUpdateCheck = 1220;
				LastUpgradeCheck = 1220;
				TargetAttributes = {
					5CDA639A258348D300AD96C7 = {
						CreatedOnToolsVersion = 12.2;
					};
				};
			};
			buildConfigurationList = 5CDA6396258348D300AD96C7 /* Build configuration list for PBXProject "EmojiArt" */;
			compatibilityVersion = "Xcode 9.3";
			developmentRegion = en;
			hasScannedForEncodings = 0;
			knownRegions = (
				en,
				Base,
			);
			mainGroup = 5CDA6392258348D300AD96C7;
			productRefGroup = 5CDA639C258348D300AD96C7 /* Products */;
			projectDirPath = "";
			projectRoot = "";
			targets = (
				5CDA639A258348D300AD96C7 /* EmojiArt */,
			);
		};
/* End PBXProject section */

/* Begin PBXResourcesBuildPhase section */
		5CDA6399258348D300AD96C7 /* Resources */ = {
			isa = PBXResourcesBuildPhase;
			buildActionMask = 2147483647;
			files = (
				5CDA63A6258348D800AD96C7 /* Preview Assets.xcassets in Resources */,
				5CDA63A3258348D800AD96C7 /* Assets.xcassets in Resources */,
			);
			runOnlyForDeploymentPostprocessing = 0;
		};
/* End PBXResourcesBuildPhase section */

/* Begin PBXSourcesBuildPhase section */
		5CDA6397258348D300AD96C7 /* Sources */ = {
			isa = PBXSourcesBuildPhase;
			buildActionMask = 2147483647;
			files = (
				5CDA63BC2583891C00AD96C7 /* AnimatableSystemFontModifier.swift in Sources */,
				5CDA63B32583595300AD96C7 /* EmojiArt.swift in Sources */,
				5CDA63B6258364FA00AD96C7 /* EmojiArtExtensions.swift in Sources */,
				5CDA63A1258348D300AD96C7 /* EmojiArtDocumentView.swift in Sources */,
				5CDA63B9258380D700AD96C7 /* OptionalImage.swift in Sources */,
				5C2FE1CB2583D72E00CAF84D /* EmojiArtDocumentPalette.swift in Sources */,
				5CDA63AF2583494600AD96C7 /* EmojiArtDocument.swift in Sources */,
				5CDA639F258348D300AD96C7 /* EmojiArtApp.swift in Sources */,
				5C2FE1C52583C94C00CAF84D /* Spinning.swift in Sources */,
				5C2FE1C82583D53000CAF84D /* PaletteChooser.swift in Sources */,
			);
			runOnlyForDeploymentPostprocessing = 0;
		};
/* End PBXSourcesBuildPhase section */

/* Begin XCBuildConfiguration section */
		5CDA63A8258348D800AD96C7 /* Debug */ = {
			isa = XCBuildConfiguration;
			buildSettings = {
				ALWAYS_SEARCH_USER_PATHS = NO;
				CLANG_ANALYZER_NONNULL = YES;
				CLANG_ANALYZER_NUMBER_OBJECT_CONVERSION = YES_AGGRESSIVE;
				CLANG_CXX_LANGUAGE_STANDARD = "gnu++14";
				CLANG_CXX_LIBRARY = "libc++";
				CLANG_ENABLE_MODULES = YES;
				CLANG_ENABLE_OBJC_ARC = YES;
				CLANG_ENABLE_OBJC_WEAK = YES;
				CLANG_WARN_BLOCK_CAPTURE_AUTORELEASING = YES;
				CLANG_WARN_BOOL_CONVERSION = YES;
				CLANG_WARN_COMMA = YES;
				CLANG_WARN_CONSTANT_CONVERSION = YES;
				CLANG_WARN_DEPRECATED_OBJC_IMPLEMENTATIONS = YES;
				CLANG_WARN_DIRECT_OBJC_ISA_USAGE = YES_ERROR;
				CLANG_WARN_DOCUMENTATION_COMMENTS = YES;
				CLANG_WARN_EMPTY_BODY = YES;
				CLANG_WARN_ENUM_CONVERSION = YES;
				CLANG_WARN_INFINITE_RECURSION = YES;
				CLANG_WARN_INT_CONVERSION = YES;
				CLANG_WARN_NON_LITERAL_NULL_CONVERSION = YES;
				CLANG_WARN_OBJC_IMPLICIT_RETAIN_SELF = YES;
				CLANG_WARN_OBJC_LITERAL_CONVERSION = YES;
				CLANG_WARN_OBJC_ROOT_CLASS = YES_ERROR;
				CLANG_WARN_QUOTED_INCLUDE_IN_FRAMEWORK_HEADER = YES;
				CLANG_WARN_RANGE_LOOP_ANALYSIS = YES;
				CLANG_WARN_STRICT_PROTOTYPES = YES;
				CLANG_WARN_SUSPICIOUS_MOVE = YES;
				CLANG_WARN_UNGUARDED_AVAILABILITY = YES_AGGRESSIVE;
				CLANG_WARN_UNREACHABLE_CODE = YES;
				CLANG_WARN__DUPLICATE_METHOD_MATCH = YES;
				COPY_PHASE_STRIP = NO;
				DEBUG_INFORMATION_FORMAT = dwarf;
				ENABLE_STRICT_OBJC_MSGSEND = YES;
				ENABLE_TESTABILITY = YES;
				GCC_C_LANGUAGE_STANDARD = gnu11;
				GCC_DYNAMIC_NO_PIC = NO;
				GCC_NO_COMMON_BLOCKS = YES;
				GCC_OPTIMIZATION_LEVEL = 0;
				GCC_PREPROCESSOR_DEFINITIONS = (
					"DEBUG=1",
					"$(inherited)",
				);
				GCC_WARN_64_TO_32_BIT_CONVERSION = YES;
				GCC_WARN_ABOUT_RETURN_TYPE = YES_ERROR;
				GCC_WARN_UNDECLARED_SELECTOR = YES;
				GCC_WARN_UNINITIALIZED_AUTOS = YES_AGGRESSIVE;
				GCC_WARN_UNUSED_FUNCTION = YES;
				GCC_WARN_UNUSED_VARIABLE = YES;
				IPHONEOS_DEPLOYMENT_TARGET = 14.2;
				MTL_ENABLE_DEBUG_INFO = INCLUDE_SOURCE;
				MTL_FAST_MATH = YES;
				ONLY_ACTIVE_ARCH = YES;
				SDKROOT = iphoneos;
				SWIFT_ACTIVE_COMPILATION_CONDITIONS = DEBUG;
				SWIFT_OPTIMIZATION_LEVEL = "-Onone";
			};
			name = Debug;
		};
		5CDA63A9258348D800AD96C7 /* Release */ = {
			isa = XCBuildConfiguration;
			buildSettings = {
				ALWAYS_SEARCH_USER_PATHS = NO;
				CLANG_ANALYZER_NONNULL = YES;
				CLANG_ANALYZER_NUMBER_OBJECT_CONVERSION = YES_AGGRESSIVE;
				CLANG_CXX_LANGUAGE_STANDARD = "gnu++14";
				CLANG_CXX_LIBRARY = "libc++";
				CLANG_ENABLE_MODULES = YES;
				CLANG_ENABLE_OBJC_ARC = YES;
				CLANG_ENABLE_OBJC_WEAK = YES;
				CLANG_WARN_BLOCK_CAPTURE_AUTORELEASING = YES;
				CLANG_WARN_BOOL_CONVERSION = YES;
				CLANG_WARN_COMMA = YES;
				CLANG_WARN_CONSTANT_CONVERSION = YES;
				CLANG_WARN_DEPRECATED_OBJC_IMPLEMENTATIONS = YES;
				CLANG_WARN_DIRECT_OBJC_ISA_USAGE = YES_ERROR;
				CLANG_WARN_DOCUMENTATION_COMMENTS = YES;
				CLANG_WARN_EMPTY_BODY = YES;
				CLANG_WARN_ENUM_CONVERSION = YES;
				CLANG_WARN_INFINITE_RECURSION = YES;
				CLANG_WARN_INT_CONVERSION = YES;
				CLANG_WARN_NON_LITERAL_NULL_CONVERSION = YES;
				CLANG_WARN_OBJC_IMPLICIT_RETAIN_SELF = YES;
				CLANG_WARN_OBJC_LITERAL_CONVERSION = YES;
				CLANG_WARN_OBJC_ROOT_CLASS = YES_ERROR;
				CLANG_WARN_QUOTED_INCLUDE_IN_FRAMEWORK_HEADER = YES;
				CLANG_WARN_RANGE_LOOP_ANALYSIS = YES;
				CLANG_WARN_STRICT_PROTOTYPES = YES;
				CLANG_WARN_SUSPICIOUS_MOVE = YES;
				CLANG_WARN_UNGUARDED_AVAILABILITY = YES_AGGRESSIVE;
				CLANG_WARN_UNREACHABLE_CODE = YES;
				CLANG_WARN__DUPLICATE_METHOD_MATCH = YES;
				COPY_PHASE_STRIP = NO;
				DEBUG_INFORMATION_FORMAT = "dwarf-with-dsym";
				ENABLE_NS_ASSERTIONS = NO;
				ENABLE_STRICT_OBJC_MSGSEND = YES;
				GCC_C_LANGUAGE_STANDARD = gnu11;
				GCC_NO_COMMON_BLOCKS = YES;
				GCC_WARN_64_TO_32_BIT_CONVERSION = YES;
				GCC_WARN_ABOUT_RETURN_TYPE = YES_ERROR;
				GCC_WARN_UNDECLARED_SELECTOR = YES;
				GCC_WARN_UNINITIALIZED_AUTOS = YES_AGGRESSIVE;
				GCC_WARN_UNUSED_FUNCTION = YES;
				GCC_WARN_UNUSED_VARIABLE = YES;
				IPHONEOS_DEPLOYMENT_TARGET = 14.2;
				MTL_ENABLE_DEBUG_INFO = NO;
				MTL_FAST_MATH = YES;
				SDKROOT = iphoneos;
				SWIFT_COMPILATION_MODE = wholemodule;
				SWIFT_OPTIMIZATION_LEVEL = "-O";
				VALIDATE_PRODUCT = YES;
			};
			name = Release;
		};
		5CDA63AB258348D800AD96C7 /* Debug */ = {
			isa = XCBuildConfiguration;
			buildSettings = {
				ASSETCATALOG_COMPILER_APPICON_NAME = AppIcon;
				ASSETCATALOG_COMPILER_GLOBAL_ACCENT_COLOR_NAME = AccentColor;
				CODE_SIGN_STYLE = Automatic;
				DEVELOPMENT_ASSET_PATHS = "\"EmojiArt/Preview Content\"";
				ENABLE_PREVIEWS = YES;
				INFOPLIST_FILE = EmojiArt/Info.plist;
				IPHONEOS_DEPLOYMENT_TARGET = 14.0;
				LD_RUNPATH_SEARCH_PATHS = (
					"$(inherited)",
					"@executable_path/Frameworks",
				);
				PRODUCT_BUNDLE_IDENTIFIER = com.ascii112.CS193p.EmojiArt;
				PRODUCT_NAME = "$(TARGET_NAME)";
				SWIFT_VERSION = 5.0;
				TARGETED_DEVICE_FAMILY = "1,2";
			};
			name = Debug;
		};
		5CDA63AC258348D800AD96C7 /* Release */ = {
			isa = XCBuildConfiguration;
			buildSettings = {
				ASSETCATALOG_COMPILER_APPICON_NAME = AppIcon;
				ASSETCATALOG_COMPILER_GLOBAL_ACCENT_COLOR_NAME = AccentColor;
				CODE_SIGN_STYLE = Automatic;
				DEVELOPMENT_ASSET_PATHS = "\"EmojiArt/Preview Content\"";
				ENABLE_PREVIEWS = YES;
				INFOPLIST_FILE = EmojiArt/Info.plist;
				IPHONEOS_DEPLOYMENT_TARGET = 14.0;
				LD_RUNPATH_SEARCH_PATHS = (
					"$(inherited)",
					"@executable_path/Frameworks",
				);
				PRODUCT_BUNDLE_IDENTIFIER = com.ascii112.CS193p.EmojiArt;
				PRODUCT_NAME = "$(TARGET_NAME)";
				SWIFT_VERSION = 5.0;
				TARGETED_DEVICE_FAMILY = "1,2";
			};
			name = Release;
		};
/* End XCBuildConfiguration section */

/* Begin XCConfigurationList section */
		5CDA6396258348D300AD96C7 /* Build configuration list for PBXProject "EmojiArt" */ = {
			isa = XCConfigurationList;
			buildConfigurations = (
				5CDA63A8258348D800AD96C7 /* Debug */,
				5CDA63A9258348D800AD96C7 /* Release */,
			);
			defaultConfigurationIsVisible = 0;
			defaultConfigurationName = Release;
		};
		5CDA63AA258348D800AD96C7 /* Build configuration list for PBXNativeTarget "EmojiArt" */ = {
			isa = XCConfigurationList;
			buildConfigurations = (
				5CDA63AB258348D800AD96C7 /* Debug */,
				5CDA63AC258348D800AD96C7 /* Release */,
			);
			defaultConfigurationIsVisible = 0;
			defaultConfigurationName = Release;
		};
/* End XCConfigurationList section */
	};
	rootObject = 5CDA6393258348D300AD96C7 /* Project object */;
}
